
Microsoft Visual Studio Solution File, Format Version 12.00
# Visual Studio Version 17
VisualStudioVersion = 17.11.35327.3
MinimumVisualStudioVersion = 10.0.40219.1
Project("{FAE04EC0-301F-11D3-BF4B-00C04F79EFBC}") = "MyWeatherApp_WeatherAPI", "MyWeatherApp_WeatherAPI\MyWeatherApp_WeatherAPI.csproj", "{AF728F16-6486-47DF-9CF5-79FC5526EAAB}"
EndProject
Global
	GlobalSection(SolutionConfigurationPlatforms) = preSolution
		Debug|Any CPU = Debug|Any CPU
		Release|Any CPU = Release|Any CPU
	EndGlobalSection
	GlobalSection(ProjectConfigurationPlatforms) = postSolution
		{AF728F16-6486-47DF-9CF5-79FC5526EAAB}.Debug|Any CPU.ActiveCfg = Debug|Any CPU
		{AF728F16-6486-47DF-9CF5-79FC5526EAAB}.Debug|Any CPU.Build.0 = Debug|Any CPU
		{AF728F16-6486-47DF-9CF5-79FC5526EAAB}.Release|Any CPU.ActiveCfg = Release|Any CPU
		{AF728F16-6486-47DF-9CF5-79FC5526EAAB}.Release|Any CPU.Build.0 = Release|Any CPU
	EndGlobalSection
	GlobalSection(SolutionProperties) = preSolution
		HideSolutionNode = FALSE
	EndGlobalSection
	GlobalSection(ExtensibilityGlobals) = postSolution
		SolutionGuid = {A6CFE118-3E51-4506-BD86-483B8D662E79}
	EndGlobalSection
EndGlobal
